
Microsoft Visual Studio Solution File, Format Version 12.00
# Visual Studio Version 17
VisualStudioVersion = 17.8.34330.188
MinimumVisualStudioVersion = 10.0.40219.1
Project("{FAE04EC0-301F-11D3-BF4B-00C04F79EFBC}") = "Geldscheinprüfung", "Geldscheinprüfung.csproj", "{2C4D68AF-3366-4302-8F3B-E9E99DA9F5C6}"
EndProject
Global
	GlobalSection(SolutionConfigurationPlatforms) = preSolution
		Debug|Any CPU = Debug|Any CPU
		Release|Any CPU = Release|Any CPU
	EndGlobalSection
	GlobalSection(ProjectConfigurationPlatforms) = postSolution
		{2C4D68AF-3366-4302-8F3B-E9E99DA9F5C6}.Debug|Any CPU.ActiveCfg = Debug|Any CPU
		{2C4D68AF-3366-4302-8F3B-E9E99DA9F5C6}.Debug|Any CPU.Build.0 = Debug|Any CPU
		{2C4D68AF-3366-4302-8F3B-E9E99DA9F5C6}.Release|Any CPU.ActiveCfg = Release|Any CPU
		{2C4D68AF-3366-4302-8F3B-E9E99DA9F5C6}.Release|Any CPU.Build.0 = Release|Any CPU
	EndGlobalSection
	GlobalSection(SolutionProperties) = preSolution
		HideSolutionNode = FALSE
	EndGlobalSection
	GlobalSection(ExtensibilityGlobals) = postSolution
		SolutionGuid = {949843B7-BA6A-483B-A400-D889C27D1576}
	EndGlobalSection
EndGlobal
